
Microsoft Visual Studio Solution File, Format Version 12.00
# Visual Studio Version 17
VisualStudioVersion = 17.0.32014.148
MinimumVisualStudioVersion = 10.0.40219.1
Project("{FAE04EC0-301F-11D3-BF4B-00C04F79EFBC}") = "GPSaveConverter", "GPSaveConverter\GPSaveConverter.csproj", "{86293AE9-38D4-4B31-8345-DE1E0569684D}"
EndProject
Global
	GlobalSection(SolutionConfigurationPlatforms) = preSolution
		Debug|Any CPU = Debug|Any CPU
		Release|Any CPU = Release|Any CPU
	EndGlobalSection
	GlobalSection(ProjectConfigurationPlatforms) = postSolution
		{86293AE9-38D4-4B31-8345-DE1E0569684D}.Debug|Any CPU.ActiveCfg = Debug|Any CPU
		{86293AE9-38D4-4B31-8345-DE1E0569684D}.Debug|Any CPU.Build.0 = Debug|Any CPU
		{86293AE9-38D4-4B31-8345-DE1E0569684D}.Release|Any CPU.ActiveCfg = Release|Any CPU
		{86293AE9-38D4-4B31-8345-DE1E0569684D}.Release|Any CPU.Build.0 = Release|Any CPU
	EndGlobalSection
	GlobalSection(SolutionProperties) = preSolution
		HideSolutionNode = FALSE
	EndGlobalSection
	GlobalSection(ExtensibilityGlobals) = postSolution
		SolutionGuid = {1CDE724A-C70B-4FCA-8213-D0F98D27902E}
	EndGlobalSection
EndGlobal
